
Microsoft Visual Studio Solution File, Format Version 12.00
# Visual Studio 2012
Project("{F184B08F-C81C-45F6-A57F-5ABD9991F28F}") = "Service", "Service\Service.vbproj", "{F399AEE5-6C7E-4E5F-BBD6-7D182B8D1914}"
EndProject
Project("{F184B08F-C81C-45F6-A57F-5ABD9991F28F}") = "Client", "Client\Client.vbproj", "{E4D70FF6-A6EE-41F0-9F26-AC021DFFCD64}"
EndProject
Project("{F184B08F-C81C-45F6-A57F-5ABD9991F28F}") = "Shared", "Shared\Shared.vbproj", "{BBDD8CEB-3531-4EFB-BD67-695C663B0B98}"
EndProject
Project("{F184B08F-C81C-45F6-A57F-5ABD9991F28F}") = "WebCamera", "WebCamera\WebCamera.vbproj", "{020C380B-A545-4416-B336-3C00792315C3}"
EndProject
Project("{2150E333-8FDC-42A3-9474-1A3956D46DE8}") = "Solution Items", "Solution Items", "{24492199-EE9E-4AE7-97B4-33F6A7A3009E}"
	ProjectSection(SolutionItems) = preProject
		packages\OpenCV.220.x64.1.0.2\output\opencv_core220.dll = packages\OpenCV.220.x64.1.0.2\output\opencv_core220.dll
		packages\OpenCV.220.x64.1.0.2\output\opencv_imgproc220.dll = packages\OpenCV.220.x64.1.0.2\output\opencv_imgproc220.dll
	EndProjectSection
EndProject
Global
	GlobalSection(SolutionConfigurationPlatforms) = preSolution
		Debug|Any CPU = Debug|Any CPU
		Release|Any CPU = Release|Any CPU
	EndGlobalSection
	GlobalSection(ProjectConfigurationPlatforms) = postSolution
		{F399AEE5-6C7E-4E5F-BBD6-7D182B8D1914}.Debug|Any CPU.ActiveCfg = Debug|Any CPU
		{F399AEE5-6C7E-4E5F-BBD6-7D182B8D1914}.Debug|Any CPU.Build.0 = Debug|Any CPU
		{F399AEE5-6C7E-4E5F-BBD6-7D182B8D1914}.Release|Any CPU.ActiveCfg = Release|Any CPU
		{F399AEE5-6C7E-4E5F-BBD6-7D182B8D1914}.Release|Any CPU.Build.0 = Release|Any CPU
		{E4D70FF6-A6EE-41F0-9F26-AC021DFFCD64}.Debug|Any CPU.ActiveCfg = Debug|Any CPU
		{E4D70FF6-A6EE-41F0-9F26-AC021DFFCD64}.Debug|Any CPU.Build.0 = Debug|Any CPU
		{E4D70FF6-A6EE-41F0-9F26-AC021DFFCD64}.Release|Any CPU.ActiveCfg = Release|Any CPU
		{E4D70FF6-A6EE-41F0-9F26-AC021DFFCD64}.Release|Any CPU.Build.0 = Release|Any CPU
		{BBDD8CEB-3531-4EFB-BD67-695C663B0B98}.Debug|Any CPU.ActiveCfg = Debug|Any CPU
		{BBDD8CEB-3531-4EFB-BD67-695C663B0B98}.Debug|Any CPU.Build.0 = Debug|Any CPU
		{BBDD8CEB-3531-4EFB-BD67-695C663B0B98}.Release|Any CPU.ActiveCfg = Release|Any CPU
		{BBDD8CEB-3531-4EFB-BD67-695C663B0B98}.Release|Any CPU.Build.0 = Release|Any CPU
		{020C380B-A545-4416-B336-3C00792315C3}.Debug|Any CPU.ActiveCfg = Debug|Any CPU
		{020C380B-A545-4416-B336-3C00792315C3}.Debug|Any CPU.Build.0 = Debug|Any CPU
		{020C380B-A545-4416-B336-3C00792315C3}.Release|Any CPU.ActiveCfg = Release|Any CPU
		{020C380B-A545-4416-B336-3C00792315C3}.Release|Any CPU.Build.0 = Release|Any CPU
	EndGlobalSection
	GlobalSection(SolutionProperties) = preSolution
		HideSolutionNode = FALSE
	EndGlobalSection
EndGlobal
